
Microsoft Visual Studio Solution File, Format Version 12.00
# Visual Studio Version 17
VisualStudioVersion = 17.4.33205.214
MinimumVisualStudioVersion = 10.0.40219.1
Project("{FAE04EC0-301F-11D3-BF4B-00C04F79EFBC}") = "Shoe Diva", "Shoe Diva\Shoe Diva.csproj", "{8974752A-B04F-4478-A23C-6166514591E2}"
EndProject
Global
	GlobalSection(SolutionConfigurationPlatforms) = preSolution
		Debug|Any CPU = Debug|Any CPU
		Release|Any CPU = Release|Any CPU
	EndGlobalSection
	GlobalSection(ProjectConfigurationPlatforms) = postSolution
		{8974752A-B04F-4478-A23C-6166514591E2}.Debug|Any CPU.ActiveCfg = Debug|Any CPU
		{8974752A-B04F-4478-A23C-6166514591E2}.Debug|Any CPU.Build.0 = Debug|Any CPU
		{8974752A-B04F-4478-A23C-6166514591E2}.Release|Any CPU.ActiveCfg = Release|Any CPU
		{8974752A-B04F-4478-A23C-6166514591E2}.Release|Any CPU.Build.0 = Release|Any CPU
	EndGlobalSection
	GlobalSection(SolutionProperties) = preSolution
		HideSolutionNode = FALSE
	EndGlobalSection
	GlobalSection(ExtensibilityGlobals) = postSolution
		SolutionGuid = {C586A256-8111-483A-9794-D8A1283AB8E3}
	EndGlobalSection
EndGlobal
